<?xml version="1.0" encoding="utf-8"?>
<Project ToolsVersion="4.0" xmlns="http://schemas.microsoft.com/developer/msbuild/2003">
  <ItemGroup>
    <Filter Include="Source Files">
      <UniqueIdentifier>{4FC737F1-C7A5-4376-A066-2A32D752A2FF}</UniqueIdentifier>
      <Extensions>cpp;c;cc;cxx;c++;cppm;ixx;def;odl;idl;hpj;bat;asm;asmx</Extensions>
    </Filter>
    <Filter Include="Header Files">
      <UniqueIdentifier>{93995380-89BD-4b04-88EB-625FBE52EBFB}</UniqueIdentifier>
      <Extensions>h;hh;hpp;hxx;h++;hm;inl;inc;ipp;xsd</Extensions>
    </Filter>
    <Filter Include="Resource Files">
      <UniqueIdentifier>{67DA6AB6-F800-4c08-8B7A-83BB121AAD01}</UniqueIdentifier>
      <Extensions>rc;ico;cur;bmp;dlg;rc2;rct;bin;rgs;gif;jpg;jpeg;jpe;resx;tiff;tif;png;wav;mfcribbon-ms</Extensions>
    </Filter>
    <Filter Include="Source Files\Shader Files">
      <UniqueIdentifier>{a8b5ff39-85c7-4196-b461-819f918ebb58}</UniqueIdentifier>
    </Filter>
  </ItemGroup>
  <ItemGroup>
    <ClCompile Include="main.cpp">
      <Filter>Source Files</Filter>
    </ClCompile>
    <ClCompile Include="SoundMaker.cpp">
      <Filter>Source Files</Filter>
    </ClCompile>
  </ItemGroup>
  <ItemGroup>
    <None Include="packages.config" />
    <None Include="basic.frag">
      <Filter>Source Files\Shader Files</Filter>
    </None>
    <None Include="basic.vert">
      <Filter>Source Files\Shader Files</Filter>
    </None>
  </ItemGroup>
  <ItemGroup>
    <ClInclude Include="include\ik_ESoundEngineOptions.h">
      <Filter>Header Files</Filter>
    </ClInclude>
    <ClInclude Include="include\ik_ESoundOutputDrivers.h">
      <Filter>Header Files</Filter>
    </ClInclude>
    <ClInclude Include="include\ik_EStreamModes.h">
      <Filter>Header Files</Filter>
    </ClInclude>
    <ClInclude Include="include\ik_IAudioRecorder.h">
      <Filter>Header Files</Filter>
    </ClInclude>
    <ClInclude Include="include\ik_IAudioStream.h">
      <Filter>Header Files</Filter>
    </ClInclude>
    <ClInclude Include="include\ik_IAudioStreamLoader.h">
      <Filter>Header Files</Filter>
    </ClInclude>
    <ClInclude Include="include\ik_IFileFactory.h">
      <Filter>Header Files</Filter>
    </ClInclude>
    <ClInclude Include="include\ik_IFileReader.h">
      <Filter>Header Files</Filter>
    </ClInclude>
    <ClInclude Include="include\ik_IRefCounted.h">
      <Filter>Header Files</Filter>
    </ClInclude>
    <ClInclude Include="include\ik_irrKlangTypes.h">
      <Filter>Header Files</Filter>
    </ClInclude>
    <ClInclude Include="include\ik_ISound.h">
      <Filter>Header Files</Filter>
    </ClInclude>
    <ClInclude Include="include\ik_ISoundDeviceList.h">
      <Filter>Header Files</Filter>
    </ClInclude>
    <ClInclude Include="include\ik_ISoundEffectControl.h">
      <Filter>Header Files</Filter>
    </ClInclude>
    <ClInclude Include="include\ik_ISoundEngine.h">
      <Filter>Header Files</Filter>
    </ClInclude>
    <ClInclude Include="include\ik_ISoundMixedOutputReceiver.h">
      <Filter>Header Files</Filter>
    </ClInclude>
    <ClInclude Include="include\ik_ISoundSource.h">
      <Filter>Header Files</Filter>
    </ClInclude>
    <ClInclude Include="include\ik_ISoundStopEventReceiver.h">
      <Filter>Header Files</Filter>
    </ClInclude>
    <ClInclude Include="include\ik_IVirtualRefCounted.h">
      <Filter>Header Files</Filter>
    </ClInclude>
    <ClInclude Include="include\ik_SAudioStreamFormat.h">
      <Filter>Header Files</Filter>
    </ClInclude>
    <ClInclude Include="include\ik_vec3d.h">
      <Filter>Header Files</Filter>
    </ClInclude>
    <ClInclude Include="include\irrKlang.h">
      <Filter>Header Files</Filter>
    </ClInclude>
    <ClInclude Include="SoundMaker.h">
      <Filter>Header Files</Filter>
    </ClInclude>
    <ClInclude Include="stb_easy_font.h">
      <Filter>Header Files</Filter>
    </ClInclude>
  </ItemGroup>
  <ItemGroup>
    <Image Include="..\..\space_background.jpg">
      <Filter>Resource Files</Filter>
    </Image>
    <Image Include="res\orchestraBackground.png">
      <Filter>Resource Files</Filter>
    </Image>
  </ItemGroup>
</Project>